{
  "name": "@tetras-api/node",
  "version": "1.0.0",
  "lockfileVersion": 3,
  "requires": true,
  "packages": {
    "": {
      "name": "@tetras-api/node",
      "version": "1.0.0",
      "license": "ISC",
      "dependencies": {
        "dolphin": "file:../../dependencies/dolphin",
        "rest-client": "file:../../dependencies/rest-client"
      },
      "devDependencies": {
        "@types/node": "^20.10.4",
        "typescript": "^5.3.3"
      }
    },
    "../../dependencies/dolphin": {
      "version": "1.0.0",
      "license": "ISC",
      "dependencies": {
        "cors": "^2.8.5",
        "express": "^4.18.2",
        "ts-patch": "^3.0.2",
        "typescript-transform-paths": "^3.4.6"
      },
      "devDependencies": {
        "@types/cors": "^2.8.14",
        "@types/express": "^4.17.17",
        "@types/node": "^20.8.10",
        "typescript": "^5.1.6"
      }
    },
    "../../dependencies/rest-client": {
      "version": "1.0.0",
      "license": "ISC",
      "devDependencies": {
        "typescript": "^5.3.3"
      }
    },
    "../../dolphin": {
      "version": "1.0.0",
      "extraneous": true,
      "license": "ISC",
      "dependencies": {
        "cors": "^2.8.5",
        "express": "^4.18.2",
        "ts-patch": "^3.0.2",
        "typescript-transform-paths": "^3.4.6"
      },
      "devDependencies": {
        "@types/cors": "^2.8.14",
        "@types/express": "^4.17.17",
        "@types/node": "^20.8.10",
        "typescript": "^5.1.6"
      }
    },
    "../../rest-client": {
      "version": "1.0.0",
      "extraneous": true,
      "license": "ISC",
      "devDependencies": {
        "typescript": "^5.3.3"
      }
    },
    "../dolphin": {
      "version": "1.0.0",
      "extraneous": true,
      "license": "ISC",
      "dependencies": {
        "cors": "^2.8.5",
        "express": "^4.18.2",
        "ts-patch": "^3.0.2",
        "typescript-transform-paths": "^3.4.6"
      },
      "devDependencies": {
        "@types/cors": "^2.8.14",
        "@types/express": "^4.17.17",
        "@types/node": "^20.8.10",
        "typescript": "^5.1.6"
      }
    },
    "node_modules/@types/node": {
      "version": "20.10.4",
      "resolved": "https://registry.npmjs.org/@types/node/-/node-20.10.4.tgz",
      "integrity": "sha512-D08YG6rr8X90YB56tSIuBaddy/UXAA9RKJoFvrsnogAum/0pmjkgi4+2nx96A330FmioegBWmEYQ+syqCFaveg==",
      "dev": true,
      "dependencies": {
        "undici-types": "~5.26.4"
      }
    },
    "node_modules/dolphin": {
      "resolved": "../../dependencies/dolphin",
      "link": true
    },
    "node_modules/rest-client": {
      "resolved": "../../dependencies/rest-client",
      "link": true
    },
    "node_modules/typescript": {
      "version": "5.3.3",
      "resolved": "https://registry.npmjs.org/typescript/-/typescript-5.3.3.tgz",
      "integrity": "sha512-pXWcraxM0uxAS+tN0AG/BF2TyqmHO014Z070UsJ+pFvYuRSq8KH8DmWpnbXe0pEPDHXZV3FcAbJkijJ5oNEnWw==",
      "dev": true,
      "bin": {
        "tsc": "bin/tsc",
        "tsserver": "bin/tsserver"
      },
      "engines": {
        "node": ">=14.17"
      }
    },
    "node_modules/undici-types": {
      "version": "5.26.5",
      "resolved": "https://registry.npmjs.org/undici-types/-/undici-types-5.26.5.tgz",
      "integrity": "sha512-JlCMO+ehdEIKqlFxk6IfVoAUVmgz7cU7zD/h9XZ0qzeosSHmUJVOzSQvvYSYWXkFXC+IfLKSIffhv0sVZup6pA==",
      "dev": true
    }
  }
}
